
Microsoft Visual Studio Solution File, Format Version 12.00
Project("{FAE04EC0-301F-11D3-BF4B-00C04F79EFBC}") = "Auth.Simple", "src\Auth.Simple\Auth.Simple.csproj", "{CCF0A002-F0F4-4577-B9DA-08107393B922}"
EndProject
Project("{FAE04EC0-301F-11D3-BF4B-00C04F79EFBC}") = "Auth.Jwt", "src\Auth.Jwt\Auth.Jwt.csproj", "{A152CBE7-E6F4-4A85-808E-D03DE6D7A6F8}"
EndProject
Project("{FAE04EC0-301F-11D3-BF4B-00C04F79EFBC}") = "Auth.Jwt.RoleBased", "src\Auth.Jwt.RoleBased\Auth.Jwt.RoleBased.csproj", "{774D3F26-25C9-46A5-8F5B-9B083DF5B182}"
EndProject
Project("{2150E333-8FDC-42A3-9474-1A3956D46DE8}") = "RawCoding", "RawCoding", "{D037F87A-4CA2-4E37-A4F5-3DD854E24F4F}"
EndProject
Project("{FAE04EC0-301F-11D3-BF4B-00C04F79EFBC}") = "Auth.MinimalApi.Authentication", "src\Auth.MinimalApi.Authentication\Auth.MinimalApi.Authentication.csproj", "{D49314F6-0039-413B-8BA7-A08900CE954E}"
EndProject
Project("{FAE04EC0-301F-11D3-BF4B-00C04F79EFBC}") = "Auth.MinimalApi.Authorization", "src\Auth.MinimalApi.Authorization\Auth.MinimalApi.Authorization.csproj", "{05EF50E3-89ED-4791-8A81-C66C40F2AD3D}"
EndProject
Project("{FAE04EC0-301F-11D3-BF4B-00C04F79EFBC}") = "Auth.Authorization.RoleBased", "src\Auth.Authorization.RoleBased\Auth.Authorization.RoleBased.csproj", "{C864E7AC-4AA7-4138-9C27-1939F25CB393}"
EndProject
Project("{FAE04EC0-301F-11D3-BF4B-00C04F79EFBC}") = "Auth.MinimalApi.AuthenticationSchemas", "src\Auth.MinimalApi.AuthenticationSchemas\Auth.MinimalApi.AuthenticationSchemas.csproj", "{5CBF2BBC-424B-43FD-8670-435E882A4912}"
EndProject
Project("{FAE04EC0-301F-11D3-BF4B-00C04F79EFBC}") = "Auth.MinimalApi.IdentityManagement", "src\Auth.MinimalApi.IdentityManagement\Auth.MinimalApi.IdentityManagement.csproj", "{40549370-2570-4391-AB55-486D0B0465FF}"
EndProject
Project("{FAE04EC0-301F-11D3-BF4B-00C04F79EFBC}") = "Auth.MinimalApi.Authentication.Cookie", "src\Auth.MinimalApi.Authentication.Cookie\Auth.MinimalApi.Authentication.Cookie.csproj", "{38A2D09D-076C-4CF3-89B9-9F655A25A46E}"
EndProject
Project("{2150E333-8FDC-42A3-9474-1A3956D46DE8}") = "SingleSignOn", "SingleSignOn", "{C0923A0D-433E-4092-9F8C-C6836A7BD2CE}"
EndProject
Project("{FAE04EC0-301F-11D3-BF4B-00C04F79EFBC}") = "Auth.MinimalApi.CookieSingleSignOn.App", "src\Auth.MinimalApi.CookieSingleSignOn.App\Auth.MinimalApi.CookieSingleSignOn.App.csproj", "{7AA73151-146F-4EBA-BE20-7544B67B29BE}"
EndProject
Project("{FAE04EC0-301F-11D3-BF4B-00C04F79EFBC}") = "Auth.MinimalApi.CookieSingleSignOn.Identity", "src\Auth.MinimalApi.CookieSingleSignOn.Identity\Auth.MinimalApi.CookieSingleSignOn.Identity.csproj", "{B7535167-45B9-4C0A-88E4-42D2E5B79134}"
EndProject
Project("{2150E333-8FDC-42A3-9474-1A3956D46DE8}") = "Jwt", "Jwt", "{8F4DBAEE-FDA6-45F5-9904-2BFD70E9414A}"
EndProject
Project("{FAE04EC0-301F-11D3-BF4B-00C04F79EFBC}") = "Auth.Jwt.External", "src\Auth.Jwt.External\Auth.Jwt.External.csproj", "{04116AFD-A84C-4F16-9922-1B0B0D374962}"
EndProject
Project("{FAE04EC0-301F-11D3-BF4B-00C04F79EFBC}") = "Auth.Jwt.Server", "src\Auth.Jwt.Server\Auth.Jwt.Server.csproj", "{C9C2A3A8-725B-4BC8-AFBA-E34E092E46DD}"
EndProject
Project("{FAE04EC0-301F-11D3-BF4B-00C04F79EFBC}") = "Auth.Jwt.KeyGen", "src\Auth.Jwt.KeyGen\Auth.Jwt.KeyGen.csproj", "{3EEAC47C-6F73-42F8-A392-3CFDF4001128}"
EndProject
Project("{FAE04EC0-301F-11D3-BF4B-00C04F79EFBC}") = "Auth.Jwt.CookiesAndTokens", "src\Auth.Jwt.CookiesAndTokens\Auth.Jwt.CookiesAndTokens.csproj", "{9BE0B70B-CDEE-49D1-A45D-B9FBBC865659}"
EndProject
Global
	GlobalSection(SolutionConfigurationPlatforms) = preSolution
		Debug|Any CPU = Debug|Any CPU
		Release|Any CPU = Release|Any CPU
	EndGlobalSection
	GlobalSection(ProjectConfigurationPlatforms) = postSolution
		{CCF0A002-F0F4-4577-B9DA-08107393B922}.Debug|Any CPU.ActiveCfg = Debug|Any CPU
		{CCF0A002-F0F4-4577-B9DA-08107393B922}.Debug|Any CPU.Build.0 = Debug|Any CPU
		{CCF0A002-F0F4-4577-B9DA-08107393B922}.Release|Any CPU.ActiveCfg = Release|Any CPU
		{CCF0A002-F0F4-4577-B9DA-08107393B922}.Release|Any CPU.Build.0 = Release|Any CPU
		{A152CBE7-E6F4-4A85-808E-D03DE6D7A6F8}.Debug|Any CPU.ActiveCfg = Debug|Any CPU
		{A152CBE7-E6F4-4A85-808E-D03DE6D7A6F8}.Debug|Any CPU.Build.0 = Debug|Any CPU
		{A152CBE7-E6F4-4A85-808E-D03DE6D7A6F8}.Release|Any CPU.ActiveCfg = Release|Any CPU
		{A152CBE7-E6F4-4A85-808E-D03DE6D7A6F8}.Release|Any CPU.Build.0 = Release|Any CPU
		{774D3F26-25C9-46A5-8F5B-9B083DF5B182}.Debug|Any CPU.ActiveCfg = Debug|Any CPU
		{774D3F26-25C9-46A5-8F5B-9B083DF5B182}.Debug|Any CPU.Build.0 = Debug|Any CPU
		{774D3F26-25C9-46A5-8F5B-9B083DF5B182}.Release|Any CPU.ActiveCfg = Release|Any CPU
		{774D3F26-25C9-46A5-8F5B-9B083DF5B182}.Release|Any CPU.Build.0 = Release|Any CPU
		{D49314F6-0039-413B-8BA7-A08900CE954E}.Debug|Any CPU.ActiveCfg = Debug|Any CPU
		{D49314F6-0039-413B-8BA7-A08900CE954E}.Debug|Any CPU.Build.0 = Debug|Any CPU
		{D49314F6-0039-413B-8BA7-A08900CE954E}.Release|Any CPU.ActiveCfg = Release|Any CPU
		{D49314F6-0039-413B-8BA7-A08900CE954E}.Release|Any CPU.Build.0 = Release|Any CPU
		{05EF50E3-89ED-4791-8A81-C66C40F2AD3D}.Debug|Any CPU.ActiveCfg = Debug|Any CPU
		{05EF50E3-89ED-4791-8A81-C66C40F2AD3D}.Debug|Any CPU.Build.0 = Debug|Any CPU
		{05EF50E3-89ED-4791-8A81-C66C40F2AD3D}.Release|Any CPU.ActiveCfg = Release|Any CPU
		{05EF50E3-89ED-4791-8A81-C66C40F2AD3D}.Release|Any CPU.Build.0 = Release|Any CPU
		{C864E7AC-4AA7-4138-9C27-1939F25CB393}.Debug|Any CPU.ActiveCfg = Debug|Any CPU
		{C864E7AC-4AA7-4138-9C27-1939F25CB393}.Debug|Any CPU.Build.0 = Debug|Any CPU
		{C864E7AC-4AA7-4138-9C27-1939F25CB393}.Release|Any CPU.ActiveCfg = Release|Any CPU
		{C864E7AC-4AA7-4138-9C27-1939F25CB393}.Release|Any CPU.Build.0 = Release|Any CPU
		{5CBF2BBC-424B-43FD-8670-435E882A4912}.Debug|Any CPU.ActiveCfg = Debug|Any CPU
		{5CBF2BBC-424B-43FD-8670-435E882A4912}.Debug|Any CPU.Build.0 = Debug|Any CPU
		{5CBF2BBC-424B-43FD-8670-435E882A4912}.Release|Any CPU.ActiveCfg = Release|Any CPU
		{5CBF2BBC-424B-43FD-8670-435E882A4912}.Release|Any CPU.Build.0 = Release|Any CPU
		{40549370-2570-4391-AB55-486D0B0465FF}.Debug|Any CPU.ActiveCfg = Debug|Any CPU
		{40549370-2570-4391-AB55-486D0B0465FF}.Debug|Any CPU.Build.0 = Debug|Any CPU
		{40549370-2570-4391-AB55-486D0B0465FF}.Release|Any CPU.ActiveCfg = Release|Any CPU
		{40549370-2570-4391-AB55-486D0B0465FF}.Release|Any CPU.Build.0 = Release|Any CPU
		{38A2D09D-076C-4CF3-89B9-9F655A25A46E}.Debug|Any CPU.ActiveCfg = Debug|Any CPU
		{38A2D09D-076C-4CF3-89B9-9F655A25A46E}.Debug|Any CPU.Build.0 = Debug|Any CPU
		{38A2D09D-076C-4CF3-89B9-9F655A25A46E}.Release|Any CPU.ActiveCfg = Release|Any CPU
		{38A2D09D-076C-4CF3-89B9-9F655A25A46E}.Release|Any CPU.Build.0 = Release|Any CPU
		{7AA73151-146F-4EBA-BE20-7544B67B29BE}.Debug|Any CPU.ActiveCfg = Debug|Any CPU
		{7AA73151-146F-4EBA-BE20-7544B67B29BE}.Debug|Any CPU.Build.0 = Debug|Any CPU
		{7AA73151-146F-4EBA-BE20-7544B67B29BE}.Release|Any CPU.ActiveCfg = Release|Any CPU
		{7AA73151-146F-4EBA-BE20-7544B67B29BE}.Release|Any CPU.Build.0 = Release|Any CPU
		{B7535167-45B9-4C0A-88E4-42D2E5B79134}.Debug|Any CPU.ActiveCfg = Debug|Any CPU
		{B7535167-45B9-4C0A-88E4-42D2E5B79134}.Debug|Any CPU.Build.0 = Debug|Any CPU
		{B7535167-45B9-4C0A-88E4-42D2E5B79134}.Release|Any CPU.ActiveCfg = Release|Any CPU
		{B7535167-45B9-4C0A-88E4-42D2E5B79134}.Release|Any CPU.Build.0 = Release|Any CPU
		{04116AFD-A84C-4F16-9922-1B0B0D374962}.Debug|Any CPU.ActiveCfg = Debug|Any CPU
		{04116AFD-A84C-4F16-9922-1B0B0D374962}.Debug|Any CPU.Build.0 = Debug|Any CPU
		{04116AFD-A84C-4F16-9922-1B0B0D374962}.Release|Any CPU.ActiveCfg = Release|Any CPU
		{04116AFD-A84C-4F16-9922-1B0B0D374962}.Release|Any CPU.Build.0 = Release|Any CPU
		{C9C2A3A8-725B-4BC8-AFBA-E34E092E46DD}.Debug|Any CPU.ActiveCfg = Debug|Any CPU
		{C9C2A3A8-725B-4BC8-AFBA-E34E092E46DD}.Debug|Any CPU.Build.0 = Debug|Any CPU
		{C9C2A3A8-725B-4BC8-AFBA-E34E092E46DD}.Release|Any CPU.ActiveCfg = Release|Any CPU
		{C9C2A3A8-725B-4BC8-AFBA-E34E092E46DD}.Release|Any CPU.Build.0 = Release|Any CPU
		{3EEAC47C-6F73-42F8-A392-3CFDF4001128}.Debug|Any CPU.ActiveCfg = Debug|Any CPU
		{3EEAC47C-6F73-42F8-A392-3CFDF4001128}.Debug|Any CPU.Build.0 = Debug|Any CPU
		{3EEAC47C-6F73-42F8-A392-3CFDF4001128}.Release|Any CPU.ActiveCfg = Release|Any CPU
		{3EEAC47C-6F73-42F8-A392-3CFDF4001128}.Release|Any CPU.Build.0 = Release|Any CPU
		{9BE0B70B-CDEE-49D1-A45D-B9FBBC865659}.Debug|Any CPU.ActiveCfg = Debug|Any CPU
		{9BE0B70B-CDEE-49D1-A45D-B9FBBC865659}.Debug|Any CPU.Build.0 = Debug|Any CPU
		{9BE0B70B-CDEE-49D1-A45D-B9FBBC865659}.Release|Any CPU.ActiveCfg = Release|Any CPU
		{9BE0B70B-CDEE-49D1-A45D-B9FBBC865659}.Release|Any CPU.Build.0 = Release|Any CPU
	EndGlobalSection
	GlobalSection(NestedProjects) = preSolution
		{D49314F6-0039-413B-8BA7-A08900CE954E} = {D037F87A-4CA2-4E37-A4F5-3DD854E24F4F}
		{05EF50E3-89ED-4791-8A81-C66C40F2AD3D} = {D037F87A-4CA2-4E37-A4F5-3DD854E24F4F}
		{C864E7AC-4AA7-4138-9C27-1939F25CB393} = {D037F87A-4CA2-4E37-A4F5-3DD854E24F4F}
		{5CBF2BBC-424B-43FD-8670-435E882A4912} = {D037F87A-4CA2-4E37-A4F5-3DD854E24F4F}
		{40549370-2570-4391-AB55-486D0B0465FF} = {D037F87A-4CA2-4E37-A4F5-3DD854E24F4F}
		{38A2D09D-076C-4CF3-89B9-9F655A25A46E} = {D037F87A-4CA2-4E37-A4F5-3DD854E24F4F}
		{C0923A0D-433E-4092-9F8C-C6836A7BD2CE} = {D037F87A-4CA2-4E37-A4F5-3DD854E24F4F}
		{7AA73151-146F-4EBA-BE20-7544B67B29BE} = {C0923A0D-433E-4092-9F8C-C6836A7BD2CE}
		{B7535167-45B9-4C0A-88E4-42D2E5B79134} = {C0923A0D-433E-4092-9F8C-C6836A7BD2CE}
		{8F4DBAEE-FDA6-45F5-9904-2BFD70E9414A} = {D037F87A-4CA2-4E37-A4F5-3DD854E24F4F}
		{04116AFD-A84C-4F16-9922-1B0B0D374962} = {8F4DBAEE-FDA6-45F5-9904-2BFD70E9414A}
		{C9C2A3A8-725B-4BC8-AFBA-E34E092E46DD} = {8F4DBAEE-FDA6-45F5-9904-2BFD70E9414A}
		{3EEAC47C-6F73-42F8-A392-3CFDF4001128} = {8F4DBAEE-FDA6-45F5-9904-2BFD70E9414A}
		{9BE0B70B-CDEE-49D1-A45D-B9FBBC865659} = {8F4DBAEE-FDA6-45F5-9904-2BFD70E9414A}
	EndGlobalSection
EndGlobal
