
Microsoft Visual Studio Solution File, Format Version 12.00
Project("{FAE04EC0-301F-11D3-BF4B-00C04F79EFBC}") = "Auth.Simple", "src\Auth.Simple\Auth.Simple.csproj", "{CCF0A002-F0F4-4577-B9DA-08107393B922}"
EndProject
Project("{FAE04EC0-301F-11D3-BF4B-00C04F79EFBC}") = "Auth.Jwt", "src\Auth.Jwt\Auth.Jwt.csproj", "{A152CBE7-E6F4-4A85-808E-D03DE6D7A6F8}"
EndProject
Project("{FAE04EC0-301F-11D3-BF4B-00C04F79EFBC}") = "Auth.Jwt.RoleBased", "src\Auth.Jwt.RoleBased\Auth.Jwt.RoleBased.csproj", "{774D3F26-25C9-46A5-8F5B-9B083DF5B182}"
EndProject
Project("{2150E333-8FDC-42A3-9474-1A3956D46DE8}") = "RawCoding", "RawCoding", "{D037F87A-4CA2-4E37-A4F5-3DD854E24F4F}"
EndProject
Project("{FAE04EC0-301F-11D3-BF4B-00C04F79EFBC}") = "Auth.MinimalApi.Authentication", "src\Auth.MinimalApi.Authentication\Auth.MinimalApi.Authentication.csproj", "{D49314F6-0039-413B-8BA7-A08900CE954E}"
EndProject
Project("{FAE04EC0-301F-11D3-BF4B-00C04F79EFBC}") = "Auth.MinimalApi.Authorization", "src\Auth.MinimalApi.Authorization\Auth.MinimalApi.Authorization.csproj", "{05EF50E3-89ED-4791-8A81-C66C40F2AD3D}"
EndProject
Global
	GlobalSection(SolutionConfigurationPlatforms) = preSolution
		Debug|Any CPU = Debug|Any CPU
		Release|Any CPU = Release|Any CPU
	EndGlobalSection
	GlobalSection(ProjectConfigurationPlatforms) = postSolution
		{CCF0A002-F0F4-4577-B9DA-08107393B922}.Debug|Any CPU.ActiveCfg = Debug|Any CPU
		{CCF0A002-F0F4-4577-B9DA-08107393B922}.Debug|Any CPU.Build.0 = Debug|Any CPU
		{CCF0A002-F0F4-4577-B9DA-08107393B922}.Release|Any CPU.ActiveCfg = Release|Any CPU
		{CCF0A002-F0F4-4577-B9DA-08107393B922}.Release|Any CPU.Build.0 = Release|Any CPU
		{A152CBE7-E6F4-4A85-808E-D03DE6D7A6F8}.Debug|Any CPU.ActiveCfg = Debug|Any CPU
		{A152CBE7-E6F4-4A85-808E-D03DE6D7A6F8}.Debug|Any CPU.Build.0 = Debug|Any CPU
		{A152CBE7-E6F4-4A85-808E-D03DE6D7A6F8}.Release|Any CPU.ActiveCfg = Release|Any CPU
		{A152CBE7-E6F4-4A85-808E-D03DE6D7A6F8}.Release|Any CPU.Build.0 = Release|Any CPU
		{774D3F26-25C9-46A5-8F5B-9B083DF5B182}.Debug|Any CPU.ActiveCfg = Debug|Any CPU
		{774D3F26-25C9-46A5-8F5B-9B083DF5B182}.Debug|Any CPU.Build.0 = Debug|Any CPU
		{774D3F26-25C9-46A5-8F5B-9B083DF5B182}.Release|Any CPU.ActiveCfg = Release|Any CPU
		{774D3F26-25C9-46A5-8F5B-9B083DF5B182}.Release|Any CPU.Build.0 = Release|Any CPU
		{D49314F6-0039-413B-8BA7-A08900CE954E}.Debug|Any CPU.ActiveCfg = Debug|Any CPU
		{D49314F6-0039-413B-8BA7-A08900CE954E}.Debug|Any CPU.Build.0 = Debug|Any CPU
		{D49314F6-0039-413B-8BA7-A08900CE954E}.Release|Any CPU.ActiveCfg = Release|Any CPU
		{D49314F6-0039-413B-8BA7-A08900CE954E}.Release|Any CPU.Build.0 = Release|Any CPU
		{05EF50E3-89ED-4791-8A81-C66C40F2AD3D}.Debug|Any CPU.ActiveCfg = Debug|Any CPU
		{05EF50E3-89ED-4791-8A81-C66C40F2AD3D}.Debug|Any CPU.Build.0 = Debug|Any CPU
		{05EF50E3-89ED-4791-8A81-C66C40F2AD3D}.Release|Any CPU.ActiveCfg = Release|Any CPU
		{05EF50E3-89ED-4791-8A81-C66C40F2AD3D}.Release|Any CPU.Build.0 = Release|Any CPU
	EndGlobalSection
	GlobalSection(NestedProjects) = preSolution
		{D49314F6-0039-413B-8BA7-A08900CE954E} = {D037F87A-4CA2-4E37-A4F5-3DD854E24F4F}
		{05EF50E3-89ED-4791-8A81-C66C40F2AD3D} = {D037F87A-4CA2-4E37-A4F5-3DD854E24F4F}
	EndGlobalSection
EndGlobal
